
Microsoft Visual Studio Solution File, Format Version 12.00
# Visual Studio Version 16
VisualStudioVersion = 25.0.1700.0
MinimumVisualStudioVersion = 10.0.40219.1
Project("{FAE04EC0-301F-11D3-BF4B-00C04F79EFBC}") = "MemoryGame", "MemoryGame\MemoryGame.csproj", "{EF4C9FD7-B6D7-4D56-9410-6E30F1C886A3}"
EndProject
Project("{FAE04EC0-301F-11D3-BF4B-00C04F79EFBC}") = "CodeLouisvilleLibrary", "CodeLouisvilleLibrary\CodeLouisvilleLibrary.csproj", "{1A57655D-40CE-4A0E-81DA-D64F0035DD54}"
EndProject
Global
	GlobalSection(SolutionConfigurationPlatforms) = preSolution
		Debug|Any CPU = Debug|Any CPU
		Release|Any CPU = Release|Any CPU
	EndGlobalSection
	GlobalSection(ProjectConfigurationPlatforms) = postSolution
		{EF4C9FD7-B6D7-4D56-9410-6E30F1C886A3}.Debug|Any CPU.ActiveCfg = Debug|Any CPU
		{EF4C9FD7-B6D7-4D56-9410-6E30F1C886A3}.Debug|Any CPU.Build.0 = Debug|Any CPU
		{EF4C9FD7-B6D7-4D56-9410-6E30F1C886A3}.Release|Any CPU.ActiveCfg = Release|Any CPU
		{EF4C9FD7-B6D7-4D56-9410-6E30F1C886A3}.Release|Any CPU.Build.0 = Release|Any CPU
		{1A57655D-40CE-4A0E-81DA-D64F0035DD54}.Debug|Any CPU.ActiveCfg = Debug|Any CPU
		{1A57655D-40CE-4A0E-81DA-D64F0035DD54}.Debug|Any CPU.Build.0 = Debug|Any CPU
		{1A57655D-40CE-4A0E-81DA-D64F0035DD54}.Release|Any CPU.ActiveCfg = Release|Any CPU
		{1A57655D-40CE-4A0E-81DA-D64F0035DD54}.Release|Any CPU.Build.0 = Release|Any CPU
	EndGlobalSection
	GlobalSection(SolutionProperties) = preSolution
		HideSolutionNode = FALSE
	EndGlobalSection
	GlobalSection(ExtensibilityGlobals) = postSolution
		SolutionGuid = {F54C6840-39B2-47F0-AE5D-B86BD9453149}
	EndGlobalSection
EndGlobal
